
Microsoft Visual Studio Solution File, Format Version 12.00
# Visual Studio Version 16
VisualStudioVersion = 16.0.30114.105
MinimumVisualStudioVersion = 10.0.40219.1
Project("{FAE04EC0-301F-11D3-BF4B-00C04F79EFBC}") = "Xunit.Extensions.Configuration.Json", "Xunit.Extensions.Configuration.Json\Xunit.Extensions.Configuration.Json.csproj", "{F72F7956-66D6-4207-A85D-77C566F91555}"
EndProject
Project("{FAE04EC0-301F-11D3-BF4B-00C04F79EFBC}") = "Xunit.Extensions.Configuration.Json.Tests", "Xunit.Extensions.Configuration.Json.Tests\Xunit.Extensions.Configuration.Json.Tests.csproj", "{15278E76-8E67-4EA3-9A81-A8A7C451C4F6}"
EndProject
Project("{FAE04EC0-301F-11D3-BF4B-00C04F79EFBC}") = "Xunit.Extensions.LoggerBuilder", "Xunit.Extensions.LoggerBuilder\Xunit.Extensions.LoggerBuilder.csproj", "{0AC27BF2-53EC-4F0F-90AE-B54BF5F3E1B5}"
EndProject
Global
	GlobalSection(SolutionConfigurationPlatforms) = preSolution
		Debug|Any CPU = Debug|Any CPU
		Release|Any CPU = Release|Any CPU
	EndGlobalSection
	GlobalSection(SolutionProperties) = preSolution
		HideSolutionNode = FALSE
	EndGlobalSection
	GlobalSection(ProjectConfigurationPlatforms) = postSolution
		{F72F7956-66D6-4207-A85D-77C566F91555}.Debug|Any CPU.ActiveCfg = Debug|Any CPU
		{F72F7956-66D6-4207-A85D-77C566F91555}.Debug|Any CPU.Build.0 = Debug|Any CPU
		{F72F7956-66D6-4207-A85D-77C566F91555}.Release|Any CPU.ActiveCfg = Release|Any CPU
		{F72F7956-66D6-4207-A85D-77C566F91555}.Release|Any CPU.Build.0 = Release|Any CPU
		{15278E76-8E67-4EA3-9A81-A8A7C451C4F6}.Debug|Any CPU.ActiveCfg = Debug|Any CPU
		{15278E76-8E67-4EA3-9A81-A8A7C451C4F6}.Debug|Any CPU.Build.0 = Debug|Any CPU
		{15278E76-8E67-4EA3-9A81-A8A7C451C4F6}.Release|Any CPU.ActiveCfg = Release|Any CPU
		{15278E76-8E67-4EA3-9A81-A8A7C451C4F6}.Release|Any CPU.Build.0 = Release|Any CPU
		{0AC27BF2-53EC-4F0F-90AE-B54BF5F3E1B5}.Debug|Any CPU.ActiveCfg = Debug|Any CPU
		{0AC27BF2-53EC-4F0F-90AE-B54BF5F3E1B5}.Debug|Any CPU.Build.0 = Debug|Any CPU
		{0AC27BF2-53EC-4F0F-90AE-B54BF5F3E1B5}.Release|Any CPU.ActiveCfg = Release|Any CPU
		{0AC27BF2-53EC-4F0F-90AE-B54BF5F3E1B5}.Release|Any CPU.Build.0 = Release|Any CPU
	EndGlobalSection
EndGlobal
